// !$*UTF8*$!
{
	archiveVersion = 1;
	classes = {
	};
	objectVersion = 56;
	objects = {

/* Begin PBXBuildFile section */
		2A2F5F402C1C0001000A1001 /* OneApp.swift in Sources */ = {isa = PBXBuildFile; fileRef = 2A2F5F302C1C0001000A1001 /* OneApp.swift */; };
		2A2F5F412C1C0001000A1001 /* RootView.swift in Sources */ = {isa = PBXBuildFile; fileRef = 2A2F5F312C1C0001000A1001 /* RootView.swift */; };
		B10001012C1C0001000A1001 /* TimetablePageView.swift in Sources */ = {isa = PBXBuildFile; fileRef = B10000012C1C0001000A1001 /* TimetablePageView.swift */; };
		B10001022C1C0001000A1001 /* CalendarViews.swift in Sources */ = {isa = PBXBuildFile; fileRef = B10000022C1C0001000A1001 /* CalendarViews.swift */; };
		B10001032C1C0001000A1001 /* TasksPageView.swift in Sources */ = {isa = PBXBuildFile; fileRef = B10000032C1C0001000A1001 /* TasksPageView.swift */; };
		B10001042C1C0001000A1001 /* RoutinePlannerPageView.swift in Sources */ = {isa = PBXBuildFile; fileRef = B10000042C1C0001000A1001 /* RoutinePlannerPageView.swift */; };
		B10001072C1C0001000A1001 /* TimetableSupport.swift in Sources */ = {isa = PBXBuildFile; fileRef = B10000072C1C0001000A1001 /* TimetableSupport.swift */; };
		B100010A2C1C0001000A1001 /* StreakPageView.swift in Sources */ = {isa = PBXBuildFile; fileRef = B100000A2C1C0001000A1001 /* StreakPageView.swift */; };
		B200010A2C1C0001000A1001 /* TimelineViews.swift in Sources */ = {isa = PBXBuildFile; fileRef = B200000A2C1C0001000A1001 /* TimelineViews.swift */; };
		B20001012C1C0001000A1001 /* ScheduleKind.swift in Sources */ = {isa = PBXBuildFile; fileRef = B20000012C1C0001000A1001 /* ScheduleKind.swift */; };
		B20001022C1C0001000A1001 /* RepeatWeekday.swift in Sources */ = {isa = PBXBuildFile; fileRef = B20000022C1C0001000A1001 /* RepeatWeekday.swift */; };
		B200010B2C1C0001000A1001 /* RoutineOccurrenceState.swift in Sources */ = {isa = PBXBuildFile; fileRef = B200000B2C1C0001000A1001 /* RoutineOccurrenceState.swift */; };
		B20001032C1C0001000A1001 /* AppPage.swift in Sources */ = {isa = PBXBuildFile; fileRef = B20000032C1C0001000A1001 /* AppPage.swift */; };
		B20001042C1C0001000A1001 /* MissionTheme.swift in Sources */ = {isa = PBXBuildFile; fileRef = B20000042C1C0001000A1001 /* MissionTheme.swift */; };
		B20001052C1C0001000A1001 /* MissionViewModifiers.swift in Sources */ = {isa = PBXBuildFile; fileRef = B20000052C1C0001000A1001 /* MissionViewModifiers.swift */; };
		B20001062C1C0001000A1001 /* ViewFormatting.swift in Sources */ = {isa = PBXBuildFile; fileRef = B20000062C1C0001000A1001 /* ViewFormatting.swift */; };
		B20001072C1C0001000A1001 /* EmptyStateView.swift in Sources */ = {isa = PBXBuildFile; fileRef = B20000072C1C0001000A1001 /* EmptyStateView.swift */; };
		B20001082C1C0001000A1001 /* PanelViews.swift in Sources */ = {isa = PBXBuildFile; fileRef = B20000082C1C0001000A1001 /* PanelViews.swift */; };
		F10001012C210001000A1001 /* AppSettings.swift in Sources */ = {isa = PBXBuildFile; fileRef = F10000012C210001000A1001 /* AppSettings.swift */; };
		F10001022C210001000A1001 /* SettingsPageView.swift in Sources */ = {isa = PBXBuildFile; fileRef = F10000022C210001000A1001 /* SettingsPageView.swift */; };
		F20001012C220001000A1001 /* NotificationDelegate.swift in Sources */ = {isa = PBXBuildFile; fileRef = F20000012C220001000A1001 /* NotificationDelegate.swift */; };
		F20001022C220001000A1001 /* RoutineNotificationScheduler.swift in Sources */ = {isa = PBXBuildFile; fileRef = F20000022C220001000A1001 /* RoutineNotificationScheduler.swift */; };
		E10001012C1F0001000A1001 /* TaskListPalette.swift in Sources */ = {isa = PBXBuildFile; fileRef = E10000012C1F0001000A1001 /* TaskListPalette.swift */; };
		E10001032C1F0001000A1001 /* CompletedTasksPageView.swift in Sources */ = {isa = PBXBuildFile; fileRef = E10000032C1F0001000A1001 /* CompletedTasksPageView.swift */; };
		E10001042C1F0001000A1001 /* ScheduleEditorControls.swift in Sources */ = {isa = PBXBuildFile; fileRef = E10000042C1F0001000A1001 /* ScheduleEditorControls.swift */; };
		2A2F5F432C1C0001000A1001 /* TodoRowView.swift in Sources */ = {isa = PBXBuildFile; fileRef = 2A2F5F332C1C0001000A1001 /* TodoRowView.swift */; };
		2A2F5F442C1C0001000A1001 /* TaskEditorView.swift in Sources */ = {isa = PBXBuildFile; fileRef = 2A2F5F342C1C0001000A1001 /* TaskEditorView.swift */; };
		2A2F5F452C1C0001000A1001 /* QuickAddRow.swift in Sources */ = {isa = PBXBuildFile; fileRef = 2A2F5F352C1C0001000A1001 /* QuickAddRow.swift */; };
		2A2F5F462C1C0001000A1001 /* TodoItem.swift in Sources */ = {isa = PBXBuildFile; fileRef = 2A2F5F362C1C0001000A1001 /* TodoItem.swift */; };
		2A2F5F482C1C0001000A1001 /* TaskFiltering.swift in Sources */ = {isa = PBXBuildFile; fileRef = 2A2F5F382C1C0001000A1001 /* TaskFiltering.swift */; };
		2A2F5F492C1C0001000A1001 /* Assets.xcassets in Resources */ = {isa = PBXBuildFile; fileRef = 2A2F5F392C1C0001000A1001 /* Assets.xcassets */; };
		C00101012C1D0001000A1001 /* WidgetSnapshotStore.swift in Sources */ = {isa = PBXBuildFile; fileRef = C00100012C1D0001000A1001 /* WidgetSnapshotStore.swift */; };
		C00101022C1D0001000A1001 /* WidgetSnapshotStore.swift in Sources */ = {isa = PBXBuildFile; fileRef = C00100012C1D0001000A1001 /* WidgetSnapshotStore.swift */; };
		C00101032C1D0001000A1001 /* WidgetSnapshotWriter.swift in Sources */ = {isa = PBXBuildFile; fileRef = C00100022C1D0001000A1001 /* WidgetSnapshotWriter.swift */; };
		C00201012C1D0001000A1001 /* OneWidgets.swift in Sources */ = {isa = PBXBuildFile; fileRef = C00200012C1D0001000A1001 /* OneWidgets.swift */; };
		C00201032C1D0001000A1001 /* OneWidgets.appex in Embed App Extensions */ = {isa = PBXBuildFile; fileRef = C00200042C1D0001000A1001 /* OneWidgets.appex */; settings = {ATTRIBUTES = (RemoveHeadersOnCopy, ); }; };
/* End PBXBuildFile section */

/* Begin PBXContainerItemProxy section */
		C00206012C1D0001000A1001 /* PBXContainerItemProxy */ = {
			isa = PBXContainerItemProxy;
			containerPortal = 2A2F5F022C1C0001000A1001 /* Project object */;
			proxyType = 1;
			remoteGlobalIDString = C00204012C1D0001000A1001;
			remoteInfo = OneWidgets;
		};
/* End PBXContainerItemProxy section */

/* Begin PBXCopyFilesBuildPhase section */
		C00203042C1D0001000A1001 /* Embed App Extensions */ = {
			isa = PBXCopyFilesBuildPhase;
			buildActionMask = 2147483647;
			dstPath = "";
			dstSubfolderSpec = 13;
			files = (
				C00201032C1D0001000A1001 /* OneWidgets.appex in Embed App Extensions */,
			);
			name = "Embed App Extensions";
			runOnlyForDeploymentPostprocessing = 0;
		};
/* End PBXCopyFilesBuildPhase section */

/* Begin PBXFileReference section */
		2A2F5F102C1C0001000A1001 /* One.app */ = {isa = PBXFileReference; explicitFileType = wrapper.application; includeInIndex = 0; path = One.app; sourceTree = BUILT_PRODUCTS_DIR; };
		2A2F5F302C1C0001000A1001 /* OneApp.swift */ = {isa = PBXFileReference; lastKnownFileType = sourcecode.swift; path = OneApp.swift; sourceTree = "<group>"; };
		2A2F5F312C1C0001000A1001 /* RootView.swift */ = {isa = PBXFileReference; lastKnownFileType = sourcecode.swift; path = RootView.swift; sourceTree = "<group>"; };
		B10000012C1C0001000A1001 /* TimetablePageView.swift */ = {isa = PBXFileReference; lastKnownFileType = sourcecode.swift; path = TimetablePageView.swift; sourceTree = "<group>"; };
		B10000022C1C0001000A1001 /* CalendarViews.swift */ = {isa = PBXFileReference; lastKnownFileType = sourcecode.swift; path = CalendarViews.swift; sourceTree = "<group>"; };
		B10000032C1C0001000A1001 /* TasksPageView.swift */ = {isa = PBXFileReference; lastKnownFileType = sourcecode.swift; path = TasksPageView.swift; sourceTree = "<group>"; };
		B10000042C1C0001000A1001 /* RoutinePlannerPageView.swift */ = {isa = PBXFileReference; lastKnownFileType = sourcecode.swift; path = RoutinePlannerPageView.swift; sourceTree = "<group>"; };
		B10000072C1C0001000A1001 /* TimetableSupport.swift */ = {isa = PBXFileReference; lastKnownFileType = sourcecode.swift; path = TimetableSupport.swift; sourceTree = "<group>"; };
		B100000A2C1C0001000A1001 /* StreakPageView.swift */ = {isa = PBXFileReference; lastKnownFileType = sourcecode.swift; path = StreakPageView.swift; sourceTree = "<group>"; };
		B20000012C1C0001000A1001 /* ScheduleKind.swift */ = {isa = PBXFileReference; lastKnownFileType = sourcecode.swift; path = ScheduleKind.swift; sourceTree = "<group>"; };
		B20000022C1C0001000A1001 /* RepeatWeekday.swift */ = {isa = PBXFileReference; lastKnownFileType = sourcecode.swift; path = RepeatWeekday.swift; sourceTree = "<group>"; };
		B200000B2C1C0001000A1001 /* RoutineOccurrenceState.swift */ = {isa = PBXFileReference; lastKnownFileType = sourcecode.swift; path = RoutineOccurrenceState.swift; sourceTree = "<group>"; };
		B20000032C1C0001000A1001 /* AppPage.swift */ = {isa = PBXFileReference; lastKnownFileType = sourcecode.swift; path = AppPage.swift; sourceTree = "<group>"; };
		B20000042C1C0001000A1001 /* MissionTheme.swift */ = {isa = PBXFileReference; lastKnownFileType = sourcecode.swift; path = MissionTheme.swift; sourceTree = "<group>"; };
		B20000052C1C0001000A1001 /* MissionViewModifiers.swift */ = {isa = PBXFileReference; lastKnownFileType = sourcecode.swift; path = MissionViewModifiers.swift; sourceTree = "<group>"; };
		B20000062C1C0001000A1001 /* ViewFormatting.swift */ = {isa = PBXFileReference; lastKnownFileType = sourcecode.swift; path = ViewFormatting.swift; sourceTree = "<group>"; };
		B20000072C1C0001000A1001 /* EmptyStateView.swift */ = {isa = PBXFileReference; lastKnownFileType = sourcecode.swift; path = EmptyStateView.swift; sourceTree = "<group>"; };
		B20000082C1C0001000A1001 /* PanelViews.swift */ = {isa = PBXFileReference; lastKnownFileType = sourcecode.swift; path = PanelViews.swift; sourceTree = "<group>"; };
		B200000A2C1C0001000A1001 /* TimelineViews.swift */ = {isa = PBXFileReference; lastKnownFileType = sourcecode.swift; path = TimelineViews.swift; sourceTree = "<group>"; };
		F10000012C210001000A1001 /* AppSettings.swift */ = {isa = PBXFileReference; lastKnownFileType = sourcecode.swift; path = AppSettings.swift; sourceTree = "<group>"; };
		F10000022C210001000A1001 /* SettingsPageView.swift */ = {isa = PBXFileReference; lastKnownFileType = sourcecode.swift; path = SettingsPageView.swift; sourceTree = "<group>"; };
		F20000012C220001000A1001 /* NotificationDelegate.swift */ = {isa = PBXFileReference; lastKnownFileType = sourcecode.swift; path = NotificationDelegate.swift; sourceTree = "<group>"; };
		F20000022C220001000A1001 /* RoutineNotificationScheduler.swift */ = {isa = PBXFileReference; lastKnownFileType = sourcecode.swift; path = RoutineNotificationScheduler.swift; sourceTree = "<group>"; };
		E10000012C1F0001000A1001 /* TaskListPalette.swift */ = {isa = PBXFileReference; lastKnownFileType = sourcecode.swift; path = TaskListPalette.swift; sourceTree = "<group>"; };
		E10000032C1F0001000A1001 /* CompletedTasksPageView.swift */ = {isa = PBXFileReference; lastKnownFileType = sourcecode.swift; path = CompletedTasksPageView.swift; sourceTree = "<group>"; };
		E10000042C1F0001000A1001 /* ScheduleEditorControls.swift */ = {isa = PBXFileReference; lastKnownFileType = sourcecode.swift; path = ScheduleEditorControls.swift; sourceTree = "<group>"; };
		2A2F5F332C1C0001000A1001 /* TodoRowView.swift */ = {isa = PBXFileReference; lastKnownFileType = sourcecode.swift; path = TodoRowView.swift; sourceTree = "<group>"; };
		2A2F5F342C1C0001000A1001 /* TaskEditorView.swift */ = {isa = PBXFileReference; lastKnownFileType = sourcecode.swift; path = TaskEditorView.swift; sourceTree = "<group>"; };
		2A2F5F352C1C0001000A1001 /* QuickAddRow.swift */ = {isa = PBXFileReference; lastKnownFileType = sourcecode.swift; path = QuickAddRow.swift; sourceTree = "<group>"; };
		2A2F5F362C1C0001000A1001 /* TodoItem.swift */ = {isa = PBXFileReference; lastKnownFileType = sourcecode.swift; path = TodoItem.swift; sourceTree = "<group>"; };
		2A2F5F382C1C0001000A1001 /* TaskFiltering.swift */ = {isa = PBXFileReference; lastKnownFileType = sourcecode.swift; path = TaskFiltering.swift; sourceTree = "<group>"; };
		2A2F5F392C1C0001000A1001 /* Assets.xcassets */ = {isa = PBXFileReference; lastKnownFileType = folder.assetcatalog; path = Assets.xcassets; sourceTree = "<group>"; };
		C00100012C1D0001000A1001 /* WidgetSnapshotStore.swift */ = {isa = PBXFileReference; lastKnownFileType = sourcecode.swift; path = WidgetSnapshotStore.swift; sourceTree = "<group>"; };
		C00100022C1D0001000A1001 /* WidgetSnapshotWriter.swift */ = {isa = PBXFileReference; lastKnownFileType = sourcecode.swift; path = WidgetSnapshotWriter.swift; sourceTree = "<group>"; };
		C00100032C1D0001000A1001 /* One.entitlements */ = {isa = PBXFileReference; lastKnownFileType = text.plist.entitlements; path = One.entitlements; sourceTree = "<group>"; };
		D10000012C230001000A1001 /* OneMac.entitlements */ = {isa = PBXFileReference; lastKnownFileType = text.plist.entitlements; path = OneMac.entitlements; sourceTree = "<group>"; };
		C00100042C1D0001000A1001 /* Info.plist */ = {isa = PBXFileReference; lastKnownFileType = text.plist.xml; path = Info.plist; sourceTree = "<group>"; };
		C00200012C1D0001000A1001 /* OneWidgets.swift */ = {isa = PBXFileReference; lastKnownFileType = sourcecode.swift; path = OneWidgets.swift; sourceTree = "<group>"; };
		C00200022C1D0001000A1001 /* Info.plist */ = {isa = PBXFileReference; lastKnownFileType = text.plist.xml; path = Info.plist; sourceTree = "<group>"; };
		C00200032C1D0001000A1001 /* OneWidgets.entitlements */ = {isa = PBXFileReference; lastKnownFileType = text.plist.entitlements; path = OneWidgets.entitlements; sourceTree = "<group>"; };
		D10000022C230001000A1001 /* OneWidgetsMac.entitlements */ = {isa = PBXFileReference; lastKnownFileType = text.plist.entitlements; path = OneWidgetsMac.entitlements; sourceTree = "<group>"; };
		C00200042C1D0001000A1001 /* OneWidgets.appex */ = {isa = PBXFileReference; explicitFileType = "wrapper.app-extension"; includeInIndex = 0; path = OneWidgets.appex; sourceTree = BUILT_PRODUCTS_DIR; };
/* End PBXFileReference section */

/* Begin PBXFrameworksBuildPhase section */
		2A2F5F202C1C0001000A1001 /* Frameworks */ = {
			isa = PBXFrameworksBuildPhase;
			buildActionMask = 2147483647;
			files = (
			);
			runOnlyForDeploymentPostprocessing = 0;
		};
		C00203022C1D0001000A1001 /* Frameworks */ = {
			isa = PBXFrameworksBuildPhase;
			buildActionMask = 2147483647;
			files = (
			);
			runOnlyForDeploymentPostprocessing = 0;
		};
/* End PBXFrameworksBuildPhase section */

/* Begin PBXGroup section */
		2A2F5F012C1C0001000A1001 = {
			isa = PBXGroup;
			children = (
				2A2F5F112C1C0001000A1001 /* One */,
				C00102012C1D0001000A1001 /* Shared */,
				C00202012C1D0001000A1001 /* OneWidgets */,
				2A2F5F0F2C1C0001000A1001 /* Products */,
			);
			sourceTree = "<group>";
		};
		2A2F5F0F2C1C0001000A1001 /* Products */ = {
			isa = PBXGroup;
			children = (
				2A2F5F102C1C0001000A1001 /* One.app */,
				C00200042C1D0001000A1001 /* OneWidgets.appex */,
			);
			name = Products;
			sourceTree = "<group>";
		};
		2A2F5F112C1C0001000A1001 /* One */ = {
			isa = PBXGroup;
			children = (
				2A2F5F302C1C0001000A1001 /* OneApp.swift */,
				C00100042C1D0001000A1001 /* Info.plist */,
				C00100022C1D0001000A1001 /* WidgetSnapshotWriter.swift */,
				C00100032C1D0001000A1001 /* One.entitlements */,
				D10000012C230001000A1001 /* OneMac.entitlements */,
				F20002012C220001000A1001 /* Services */,
				2A2F5F142C1C0001000A1001 /* Models */,
				B20002012C1C0001000A1001 /* Navigation */,
				2A2F5F152C1C0001000A1001 /* Views */,
				B20002022C1C0001000A1001 /* DesignSystem */,
				2A2F5F392C1C0001000A1001 /* Assets.xcassets */,
			);
			path = One;
			sourceTree = "<group>";
		};
		F20002012C220001000A1001 /* Services */ = {
			isa = PBXGroup;
			children = (
				F20000012C220001000A1001 /* NotificationDelegate.swift */,
				F20000022C220001000A1001 /* RoutineNotificationScheduler.swift */,
			);
			path = Services;
			sourceTree = "<group>";
		};
		2A2F5F142C1C0001000A1001 /* Models */ = {
			isa = PBXGroup;
			children = (
				2A2F5F362C1C0001000A1001 /* TodoItem.swift */,
				B20000012C1C0001000A1001 /* ScheduleKind.swift */,
				B20000022C1C0001000A1001 /* RepeatWeekday.swift */,
				B200000B2C1C0001000A1001 /* RoutineOccurrenceState.swift */,
				2A2F5F382C1C0001000A1001 /* TaskFiltering.swift */,
				F10000012C210001000A1001 /* AppSettings.swift */,
			);
			path = Models;
			sourceTree = "<group>";
		};
		2A2F5F152C1C0001000A1001 /* Views */ = {
			isa = PBXGroup;
			children = (
				2A2F5F312C1C0001000A1001 /* RootView.swift */,
				B10000012C1C0001000A1001 /* TimetablePageView.swift */,
				B10000022C1C0001000A1001 /* CalendarViews.swift */,
				B10000032C1C0001000A1001 /* TasksPageView.swift */,
				E10000032C1F0001000A1001 /* CompletedTasksPageView.swift */,
				B10000042C1C0001000A1001 /* RoutinePlannerPageView.swift */,
				B100000A2C1C0001000A1001 /* StreakPageView.swift */,
				F10000022C210001000A1001 /* SettingsPageView.swift */,
				B10000072C1C0001000A1001 /* TimetableSupport.swift */,
				B20002032C1C0001000A1001 /* Common */,
				2A2F5F332C1C0001000A1001 /* TodoRowView.swift */,
				2A2F5F342C1C0001000A1001 /* TaskEditorView.swift */,
				E10000042C1F0001000A1001 /* ScheduleEditorControls.swift */,
				2A2F5F352C1C0001000A1001 /* QuickAddRow.swift */,
			);
			path = Views;
			sourceTree = "<group>";
		};
		B20002012C1C0001000A1001 /* Navigation */ = {
			isa = PBXGroup;
			children = (
				B20000032C1C0001000A1001 /* AppPage.swift */,
			);
			path = Navigation;
			sourceTree = "<group>";
		};
		B20002022C1C0001000A1001 /* DesignSystem */ = {
			isa = PBXGroup;
			children = (
				B20000042C1C0001000A1001 /* MissionTheme.swift */,
				B20000052C1C0001000A1001 /* MissionViewModifiers.swift */,
				E10000012C1F0001000A1001 /* TaskListPalette.swift */,
			);
			path = DesignSystem;
			sourceTree = "<group>";
		};
		B20002032C1C0001000A1001 /* Common */ = {
			isa = PBXGroup;
			children = (
				B20000062C1C0001000A1001 /* ViewFormatting.swift */,
				B20000072C1C0001000A1001 /* EmptyStateView.swift */,
				B20000082C1C0001000A1001 /* PanelViews.swift */,
				B200000A2C1C0001000A1001 /* TimelineViews.swift */,
			);
			path = Common;
			sourceTree = "<group>";
		};
		C00102012C1D0001000A1001 /* Shared */ = {
			isa = PBXGroup;
			children = (
				C00100012C1D0001000A1001 /* WidgetSnapshotStore.swift */,
			);
			path = Shared;
			sourceTree = "<group>";
		};
		C00202012C1D0001000A1001 /* OneWidgets */ = {
			isa = PBXGroup;
			children = (
				C00200012C1D0001000A1001 /* OneWidgets.swift */,
				C00200022C1D0001000A1001 /* Info.plist */,
				C00200032C1D0001000A1001 /* OneWidgets.entitlements */,
				D10000022C230001000A1001 /* OneWidgetsMac.entitlements */,
			);
			path = OneWidgets;
			sourceTree = "<group>";
		};
/* End PBXGroup section */

/* Begin PBXNativeTarget section */
		2A2F5F122C1C0001000A1001 /* One */ = {
			isa = PBXNativeTarget;
			buildConfigurationList = 2A2F5F232C1C0001000A1001 /* Build configuration list for PBXNativeTarget "One" */;
			buildPhases = (
				2A2F5F1F2C1C0001000A1001 /* Sources */,
				2A2F5F202C1C0001000A1001 /* Frameworks */,
				2A2F5F212C1C0001000A1001 /* Resources */,
				C00203042C1D0001000A1001 /* Embed App Extensions */,
			);
			buildRules = (
			);
			dependencies = (
				C00206022C1D0001000A1001 /* PBXTargetDependency */,
			);
			name = One;
			productName = One;
			productReference = 2A2F5F102C1C0001000A1001 /* One.app */;
			productType = "com.apple.product-type.application";
		};
		C00204012C1D0001000A1001 /* OneWidgets */ = {
			isa = PBXNativeTarget;
			buildConfigurationList = C00205012C1D0001000A1001 /* Build configuration list for PBXNativeTarget "OneWidgets" */;
			buildPhases = (
				C00203012C1D0001000A1001 /* Sources */,
				C00203022C1D0001000A1001 /* Frameworks */,
				C00203032C1D0001000A1001 /* Resources */,
			);
			buildRules = (
			);
			dependencies = (
			);
			name = OneWidgets;
			productName = OneWidgets;
			productReference = C00200042C1D0001000A1001 /* OneWidgets.appex */;
			productType = "com.apple.product-type.app-extension";
		};
/* End PBXNativeTarget section */

/* Begin PBXProject section */
		2A2F5F022C1C0001000A1001 /* Project object */ = {
			isa = PBXProject;
			attributes = {
				BuildIndependentTargetsInParallel = 1;
				LastSwiftUpdateCheck = 2620;
				LastUpgradeCheck = 2620;
				TargetAttributes = {
					2A2F5F122C1C0001000A1001 = {
						CreatedOnToolsVersion = 26.2;
					};
					C00204012C1D0001000A1001 = {
						CreatedOnToolsVersion = 26.2;
					};
				};
			};
			buildConfigurationList = 2A2F5F052C1C0001000A1001 /* Build configuration list for PBXProject "One" */;
			compatibilityVersion = "Xcode 14.0";
			developmentRegion = en;
			hasScannedForEncodings = 0;
			knownRegions = (
				en,
				Base,
			);
			mainGroup = 2A2F5F012C1C0001000A1001;
			productRefGroup = 2A2F5F0F2C1C0001000A1001 /* Products */;
			projectDirPath = "";
			projectRoot = "";
			targets = (
				2A2F5F122C1C0001000A1001 /* One */,
				C00204012C1D0001000A1001 /* OneWidgets */,
			);
		};
/* End PBXProject section */

/* Begin PBXResourcesBuildPhase section */
		2A2F5F212C1C0001000A1001 /* Resources */ = {
			isa = PBXResourcesBuildPhase;
			buildActionMask = 2147483647;
			files = (
				2A2F5F492C1C0001000A1001 /* Assets.xcassets in Resources */,
			);
			runOnlyForDeploymentPostprocessing = 0;
		};
		C00203032C1D0001000A1001 /* Resources */ = {
			isa = PBXResourcesBuildPhase;
			buildActionMask = 2147483647;
			files = (
			);
			runOnlyForDeploymentPostprocessing = 0;
		};
/* End PBXResourcesBuildPhase section */

/* Begin PBXSourcesBuildPhase section */
		2A2F5F1F2C1C0001000A1001 /* Sources */ = {
			isa = PBXSourcesBuildPhase;
			buildActionMask = 2147483647;
			files = (
				2A2F5F402C1C0001000A1001 /* OneApp.swift in Sources */,
				2A2F5F412C1C0001000A1001 /* RootView.swift in Sources */,
				B10001012C1C0001000A1001 /* TimetablePageView.swift in Sources */,
				B10001022C1C0001000A1001 /* CalendarViews.swift in Sources */,
				B10001032C1C0001000A1001 /* TasksPageView.swift in Sources */,
				B10001042C1C0001000A1001 /* RoutinePlannerPageView.swift in Sources */,
				B10001072C1C0001000A1001 /* TimetableSupport.swift in Sources */,
				B100010A2C1C0001000A1001 /* StreakPageView.swift in Sources */,
				B20001012C1C0001000A1001 /* ScheduleKind.swift in Sources */,
				B20001022C1C0001000A1001 /* RepeatWeekday.swift in Sources */,
				B200010B2C1C0001000A1001 /* RoutineOccurrenceState.swift in Sources */,
				B20001032C1C0001000A1001 /* AppPage.swift in Sources */,
				B20001042C1C0001000A1001 /* MissionTheme.swift in Sources */,
				B20001052C1C0001000A1001 /* MissionViewModifiers.swift in Sources */,
				F10001012C210001000A1001 /* AppSettings.swift in Sources */,
				F20001012C220001000A1001 /* NotificationDelegate.swift in Sources */,
				F20001022C220001000A1001 /* RoutineNotificationScheduler.swift in Sources */,
				E10001012C1F0001000A1001 /* TaskListPalette.swift in Sources */,
				B20001062C1C0001000A1001 /* ViewFormatting.swift in Sources */,
				B20001072C1C0001000A1001 /* EmptyStateView.swift in Sources */,
				B20001082C1C0001000A1001 /* PanelViews.swift in Sources */,
				B200010A2C1C0001000A1001 /* TimelineViews.swift in Sources */,
				E10001032C1F0001000A1001 /* CompletedTasksPageView.swift in Sources */,
				F10001022C210001000A1001 /* SettingsPageView.swift in Sources */,
				C00101012C1D0001000A1001 /* WidgetSnapshotStore.swift in Sources */,
				C00101032C1D0001000A1001 /* WidgetSnapshotWriter.swift in Sources */,
				2A2F5F432C1C0001000A1001 /* TodoRowView.swift in Sources */,
				2A2F5F442C1C0001000A1001 /* TaskEditorView.swift in Sources */,
				E10001042C1F0001000A1001 /* ScheduleEditorControls.swift in Sources */,
				2A2F5F452C1C0001000A1001 /* QuickAddRow.swift in Sources */,
				2A2F5F462C1C0001000A1001 /* TodoItem.swift in Sources */,
				2A2F5F482C1C0001000A1001 /* TaskFiltering.swift in Sources */,
			);
			runOnlyForDeploymentPostprocessing = 0;
		};
		C00203012C1D0001000A1001 /* Sources */ = {
			isa = PBXSourcesBuildPhase;
			buildActionMask = 2147483647;
			files = (
				C00201012C1D0001000A1001 /* OneWidgets.swift in Sources */,
				C00101022C1D0001000A1001 /* WidgetSnapshotStore.swift in Sources */,
			);
			runOnlyForDeploymentPostprocessing = 0;
		};
/* End PBXSourcesBuildPhase section */

/* Begin PBXTargetDependency section */
		C00206022C1D0001000A1001 /* PBXTargetDependency */ = {
			isa = PBXTargetDependency;
			target = C00204012C1D0001000A1001 /* OneWidgets */;
			targetProxy = C00206012C1D0001000A1001 /* PBXContainerItemProxy */;
		};
/* End PBXTargetDependency section */

/* Begin XCBuildConfiguration section */
		2A2F5F062C1C0001000A1001 /* Debug */ = {
			isa = XCBuildConfiguration;
			buildSettings = {
				ALWAYS_SEARCH_USER_PATHS = NO;
				CLANG_ANALYZER_NONNULL = YES;
				CLANG_ANALYZER_NUMBER_OBJECT_CONVERSION = YES_AGGRESSIVE;
				CLANG_CXX_LANGUAGE_STANDARD = "gnu++20";
				CLANG_ENABLE_MODULES = YES;
				CLANG_ENABLE_OBJC_ARC = YES;
				CLANG_ENABLE_OBJC_WEAK = YES;
				CLANG_WARN_BLOCK_CAPTURE_AUTORELEASING = YES;
				CLANG_WARN_BOOL_CONVERSION = YES;
				CLANG_WARN_COMMA = YES;
				CLANG_WARN_CONSTANT_CONVERSION = YES;
				CLANG_WARN_DEPRECATED_OBJC_IMPLEMENTATIONS = YES;
				CLANG_WARN_DIRECT_OBJC_ISA_USAGE = YES_ERROR;
				CLANG_WARN_DOCUMENTATION_COMMENTS = YES;
				CLANG_WARN_EMPTY_BODY = YES;
				CLANG_WARN_ENUM_CONVERSION = YES;
				CLANG_WARN_INFINITE_RECURSION = YES;
				CLANG_WARN_INT_CONVERSION = YES;
				CLANG_WARN_NON_LITERAL_NULL_CONVERSION = YES;
				CLANG_WARN_OBJC_IMPLICIT_RETAIN_SELF = YES;
				CLANG_WARN_OBJC_LITERAL_CONVERSION = YES;
				CLANG_WARN_OBJC_ROOT_CLASS = YES_ERROR;
				CLANG_WARN_QUOTED_INCLUDE_IN_FRAMEWORK_HEADER = YES;
				CLANG_WARN_RANGE_LOOP_ANALYSIS = YES;
				CLANG_WARN_STRICT_PROTOTYPES = YES;
				CLANG_WARN_SUSPICIOUS_MOVE = YES;
				CLANG_WARN_UNGUARDED_AVAILABILITY = YES_AGGRESSIVE;
				CLANG_WARN_UNREACHABLE_CODE = YES;
				CLANG_WARN__DUPLICATE_METHOD_MATCH = YES;
				COPY_PHASE_STRIP = NO;
				DEBUG_INFORMATION_FORMAT = dwarf;
				ENABLE_STRICT_OBJC_MSGSEND = YES;
				ENABLE_TESTABILITY = YES;
				ENABLE_USER_SCRIPT_SANDBOXING = YES;
				GCC_C_LANGUAGE_STANDARD = gnu17;
				GCC_DYNAMIC_NO_PIC = NO;
				GCC_NO_COMMON_BLOCKS = YES;
				GCC_OPTIMIZATION_LEVEL = 0;
				GCC_PREPROCESSOR_DEFINITIONS = (
					"DEBUG=1",
					"$(inherited)",
				);
				GCC_WARN_64_TO_32_BIT_CONVERSION = YES;
				GCC_WARN_ABOUT_RETURN_TYPE = YES_ERROR;
				GCC_WARN_UNDECLARED_SELECTOR = YES;
				GCC_WARN_UNINITIALIZED_AUTOS = YES_AGGRESSIVE;
				GCC_WARN_UNUSED_FUNCTION = YES;
				GCC_WARN_UNUSED_VARIABLE = YES;
				IPHONEOS_DEPLOYMENT_TARGET = 17.0;
				MTL_ENABLE_DEBUG_INFO = INCLUDE_SOURCE;
				MTL_FAST_MATH = YES;
				ONLY_ACTIVE_ARCH = YES;
				SDKROOT = iphoneos;
				SWIFT_ACTIVE_COMPILATION_CONDITIONS = DEBUG;
				SWIFT_OPTIMIZATION_LEVEL = "-Onone";
			};
			name = Debug;
		};
		2A2F5F072C1C0001000A1001 /* Release */ = {
			isa = XCBuildConfiguration;
			buildSettings = {
				ALWAYS_SEARCH_USER_PATHS = NO;
				CLANG_ANALYZER_NONNULL = YES;
				CLANG_ANALYZER_NUMBER_OBJECT_CONVERSION = YES_AGGRESSIVE;
				CLANG_CXX_LANGUAGE_STANDARD = "gnu++20";
				CLANG_ENABLE_MODULES = YES;
				CLANG_ENABLE_OBJC_ARC = YES;
				CLANG_ENABLE_OBJC_WEAK = YES;
				CLANG_WARN_BLOCK_CAPTURE_AUTORELEASING = YES;
				CLANG_WARN_BOOL_CONVERSION = YES;
				CLANG_WARN_COMMA = YES;
				CLANG_WARN_CONSTANT_CONVERSION = YES;
				CLANG_WARN_DEPRECATED_OBJC_IMPLEMENTATIONS = YES;
				CLANG_WARN_DIRECT_OBJC_ISA_USAGE = YES_ERROR;
				CLANG_WARN_DOCUMENTATION_COMMENTS = YES;
				CLANG_WARN_EMPTY_BODY = YES;
				CLANG_WARN_ENUM_CONVERSION = YES;
				CLANG_WARN_INFINITE_RECURSION = YES;
				CLANG_WARN_INT_CONVERSION = YES;
				CLANG_WARN_NON_LITERAL_NULL_CONVERSION = YES;
				CLANG_WARN_OBJC_IMPLICIT_RETAIN_SELF = YES;
				CLANG_WARN_OBJC_LITERAL_CONVERSION = YES;
				CLANG_WARN_OBJC_ROOT_CLASS = YES_ERROR;
				CLANG_WARN_QUOTED_INCLUDE_IN_FRAMEWORK_HEADER = YES;
				CLANG_WARN_RANGE_LOOP_ANALYSIS = YES;
				CLANG_WARN_STRICT_PROTOTYPES = YES;
				CLANG_WARN_SUSPICIOUS_MOVE = YES;
				CLANG_WARN_UNGUARDED_AVAILABILITY = YES_AGGRESSIVE;
				CLANG_WARN_UNREACHABLE_CODE = YES;
				CLANG_WARN__DUPLICATE_METHOD_MATCH = YES;
				COPY_PHASE_STRIP = NO;
				DEBUG_INFORMATION_FORMAT = "dwarf-with-dsym";
				ENABLE_NS_ASSERTIONS = NO;
				ENABLE_STRICT_OBJC_MSGSEND = YES;
				ENABLE_USER_SCRIPT_SANDBOXING = YES;
				GCC_C_LANGUAGE_STANDARD = gnu17;
				GCC_NO_COMMON_BLOCKS = YES;
				GCC_WARN_64_TO_32_BIT_CONVERSION = YES;
				GCC_WARN_ABOUT_RETURN_TYPE = YES_ERROR;
				GCC_WARN_UNDECLARED_SELECTOR = YES;
				GCC_WARN_UNINITIALIZED_AUTOS = YES_AGGRESSIVE;
				GCC_WARN_UNUSED_FUNCTION = YES;
				GCC_WARN_UNUSED_VARIABLE = YES;
				IPHONEOS_DEPLOYMENT_TARGET = 17.0;
				MTL_ENABLE_DEBUG_INFO = NO;
				MTL_FAST_MATH = YES;
				SDKROOT = iphoneos;
				SWIFT_COMPILATION_MODE = wholemodule;
				VALIDATE_PRODUCT = YES;
			};
			name = Release;
		};
		2A2F5F242C1C0001000A1001 /* Debug */ = {
			isa = XCBuildConfiguration;
			buildSettings = {
				ASSETCATALOG_COMPILER_APPICON_NAME = AppIcon;
				ASSETCATALOG_COMPILER_GLOBAL_ACCENT_COLOR_NAME = AccentColor;
				CODE_SIGN_ENTITLEMENTS = One/One.entitlements;
				"CODE_SIGN_ENTITLEMENTS[sdk=macosx*]" = One/OneMac.entitlements;
				CODE_SIGN_STYLE = Automatic;
				CURRENT_PROJECT_VERSION = 8;
				DERIVE_MACCATALYST_PRODUCT_BUNDLE_IDENTIFIER = NO;
				DEVELOPMENT_TEAM = U9385H3C5Q;
				DEVELOPMENT_ASSET_PATHS = "";
				ENABLE_PREVIEWS = YES;
				GENERATE_INFOPLIST_FILE = NO;
				INFOPLIST_FILE = One/Info.plist;
				IPHONEOS_DEPLOYMENT_TARGET = 17.0;
				LD_RUNPATH_SEARCH_PATHS = (
					"$(inherited)",
					"@executable_path/Frameworks",
				);
				MARKETING_VERSION = 1.0;
				MACOSX_DEPLOYMENT_TARGET = 14.0;
				PRODUCT_BUNDLE_IDENTIFIER = com.onemytodo.app;
				PRODUCT_NAME = "$(TARGET_NAME)";
				SUPPORTED_PLATFORMS = "iphoneos iphonesimulator macosx";
				SUPPORTS_MACCATALYST = YES;
				SUPPORTS_MAC_DESIGNED_FOR_IPHONE_IPAD = NO;
				SWIFT_EMIT_LOC_STRINGS = YES;
				SWIFT_VERSION = 6.0;
				TARGETED_DEVICE_FAMILY = "1,2,6";
			};
			name = Debug;
		};
		2A2F5F252C1C0001000A1001 /* Release */ = {
			isa = XCBuildConfiguration;
			buildSettings = {
				ASSETCATALOG_COMPILER_APPICON_NAME = AppIcon;
				ASSETCATALOG_COMPILER_GLOBAL_ACCENT_COLOR_NAME = AccentColor;
				CODE_SIGN_ENTITLEMENTS = One/One.entitlements;
				"CODE_SIGN_ENTITLEMENTS[sdk=macosx*]" = One/OneMac.entitlements;
				CODE_SIGN_STYLE = Automatic;
				CURRENT_PROJECT_VERSION = 8;
				DERIVE_MACCATALYST_PRODUCT_BUNDLE_IDENTIFIER = NO;
				DEVELOPMENT_TEAM = U9385H3C5Q;
				DEVELOPMENT_ASSET_PATHS = "";
				ENABLE_PREVIEWS = YES;
				GENERATE_INFOPLIST_FILE = NO;
				INFOPLIST_FILE = One/Info.plist;
				IPHONEOS_DEPLOYMENT_TARGET = 17.0;
				LD_RUNPATH_SEARCH_PATHS = (
					"$(inherited)",
					"@executable_path/Frameworks",
				);
				MARKETING_VERSION = 1.0;
				MACOSX_DEPLOYMENT_TARGET = 14.0;
				PRODUCT_BUNDLE_IDENTIFIER = com.onemytodo.app;
				PRODUCT_NAME = "$(TARGET_NAME)";
				SUPPORTED_PLATFORMS = "iphoneos iphonesimulator macosx";
				SUPPORTS_MACCATALYST = YES;
				SUPPORTS_MAC_DESIGNED_FOR_IPHONE_IPAD = NO;
				SWIFT_EMIT_LOC_STRINGS = YES;
				SWIFT_VERSION = 6.0;
				TARGETED_DEVICE_FAMILY = "1,2,6";
			};
			name = Release;
		};
		C00205022C1D0001000A1001 /* Debug */ = {
			isa = XCBuildConfiguration;
			buildSettings = {
				APPLICATION_EXTENSION_API_ONLY = YES;
				CODE_SIGN_ENTITLEMENTS = OneWidgets/OneWidgets.entitlements;
				"CODE_SIGN_ENTITLEMENTS[sdk=macosx*]" = OneWidgets/OneWidgetsMac.entitlements;
				CODE_SIGN_STYLE = Automatic;
				CURRENT_PROJECT_VERSION = 8;
				DEVELOPMENT_TEAM = U9385H3C5Q;
				ENABLE_PREVIEWS = YES;
				GENERATE_INFOPLIST_FILE = NO;
				INFOPLIST_FILE = OneWidgets/Info.plist;
				IPHONEOS_DEPLOYMENT_TARGET = 17.0;
				LD_RUNPATH_SEARCH_PATHS = (
					"$(inherited)",
					"@executable_path/Frameworks",
					"@executable_path/../../Frameworks",
				);
				MARKETING_VERSION = 1.0;
				MACOSX_DEPLOYMENT_TARGET = 14.0;
				PRODUCT_BUNDLE_IDENTIFIER = com.onemytodo.app.OneWidgets;
				PRODUCT_BUNDLE_PACKAGE_TYPE = "XPC!";
				PRODUCT_NAME = "$(TARGET_NAME)";
				SKIP_INSTALL = YES;
				SUPPORTED_PLATFORMS = "iphoneos iphonesimulator macosx";
				SUPPORTS_MACCATALYST = YES;
				SUPPORTS_MAC_DESIGNED_FOR_IPHONE_IPAD = NO;
				SWIFT_EMIT_LOC_STRINGS = YES;
				SWIFT_VERSION = 6.0;
				TARGETED_DEVICE_FAMILY = "1,2,6";
			};
			name = Debug;
		};
		C00205032C1D0001000A1001 /* Release */ = {
			isa = XCBuildConfiguration;
			buildSettings = {
				APPLICATION_EXTENSION_API_ONLY = YES;
				CODE_SIGN_ENTITLEMENTS = OneWidgets/OneWidgets.entitlements;
				"CODE_SIGN_ENTITLEMENTS[sdk=macosx*]" = OneWidgets/OneWidgetsMac.entitlements;
				CODE_SIGN_STYLE = Automatic;
				CURRENT_PROJECT_VERSION = 8;
				DEVELOPMENT_TEAM = U9385H3C5Q;
				ENABLE_PREVIEWS = YES;
				GENERATE_INFOPLIST_FILE = NO;
				INFOPLIST_FILE = OneWidgets/Info.plist;
				IPHONEOS_DEPLOYMENT_TARGET = 17.0;
				LD_RUNPATH_SEARCH_PATHS = (
					"$(inherited)",
					"@executable_path/Frameworks",
					"@executable_path/../../Frameworks",
				);
				MARKETING_VERSION = 1.0;
				MACOSX_DEPLOYMENT_TARGET = 14.0;
				PRODUCT_BUNDLE_IDENTIFIER = com.onemytodo.app.OneWidgets;
				PRODUCT_BUNDLE_PACKAGE_TYPE = "XPC!";
				PRODUCT_NAME = "$(TARGET_NAME)";
				SKIP_INSTALL = YES;
				SUPPORTED_PLATFORMS = "iphoneos iphonesimulator macosx";
				SUPPORTS_MACCATALYST = YES;
				SUPPORTS_MAC_DESIGNED_FOR_IPHONE_IPAD = NO;
				SWIFT_EMIT_LOC_STRINGS = YES;
				SWIFT_VERSION = 6.0;
				TARGETED_DEVICE_FAMILY = "1,2,6";
			};
			name = Release;
		};
/* End XCBuildConfiguration section */

/* Begin XCConfigurationList section */
		2A2F5F052C1C0001000A1001 /* Build configuration list for PBXProject "One" */ = {
			isa = XCConfigurationList;
			buildConfigurations = (
				2A2F5F062C1C0001000A1001 /* Debug */,
				2A2F5F072C1C0001000A1001 /* Release */,
			);
			defaultConfigurationIsVisible = 0;
			defaultConfigurationName = Release;
		};
		2A2F5F232C1C0001000A1001 /* Build configuration list for PBXNativeTarget "One" */ = {
			isa = XCConfigurationList;
			buildConfigurations = (
				2A2F5F242C1C0001000A1001 /* Debug */,
				2A2F5F252C1C0001000A1001 /* Release */,
			);
			defaultConfigurationIsVisible = 0;
			defaultConfigurationName = Release;
		};
		C00205012C1D0001000A1001 /* Build configuration list for PBXNativeTarget "OneWidgets" */ = {
			isa = XCConfigurationList;
			buildConfigurations = (
				C00205022C1D0001000A1001 /* Debug */,
				C00205032C1D0001000A1001 /* Release */,
			);
			defaultConfigurationIsVisible = 0;
			defaultConfigurationName = Release;
		};
/* End XCConfigurationList section */
	};
	rootObject = 2A2F5F022C1C0001000A1001 /* Project object */;
}
